
Microsoft Visual Studio Solution File, Format Version 12.00
# Visual Studio Version 17
VisualStudioVersion = 17.10.35004.147
MinimumVisualStudioVersion = 10.0.40219.1
Project("{9A19103F-16F7-4668-BE54-9A1E7A4F7556}") = "facEstudiante", "facEstudiante.csproj", "{FCDC4AA6-8129-45ED-95B5-B4DBF7EFE4FC}"
EndProject
Global
	GlobalSection(SolutionConfigurationPlatforms) = preSolution
		Debug|Any CPU = Debug|Any CPU
		Release|Any CPU = Release|Any CPU
	EndGlobalSection
	GlobalSection(ProjectConfigurationPlatforms) = postSolution
		{FCDC4AA6-8129-45ED-95B5-B4DBF7EFE4FC}.Debug|Any CPU.ActiveCfg = Debug|Any CPU
		{FCDC4AA6-8129-45ED-95B5-B4DBF7EFE4FC}.Debug|Any CPU.Build.0 = Debug|Any CPU
		{FCDC4AA6-8129-45ED-95B5-B4DBF7EFE4FC}.Release|Any CPU.ActiveCfg = Release|Any CPU
		{FCDC4AA6-8129-45ED-95B5-B4DBF7EFE4FC}.Release|Any CPU.Build.0 = Release|Any CPU
	EndGlobalSection
	GlobalSection(SolutionProperties) = preSolution
		HideSolutionNode = FALSE
	EndGlobalSection
	GlobalSection(ExtensibilityGlobals) = postSolution
		SolutionGuid = {496E8590-A4A0-445D-B517-20FF409AB9FA}
	EndGlobalSection
EndGlobal
